
Microsoft Visual Studio Solution File, Format Version 12.00
# Visual Studio Version 17
VisualStudioVersion = 17.12.35506.116
MinimumVisualStudioVersion = 10.0.40219.1
Project("{FAE04EC0-301F-11D3-BF4B-00C04F79EFBC}") = "AzureAI.Translator", "AzureAI.Translator\AzureAI.Translator.csproj", "{DB8B7D7B-7F6C-4692-803B-597BEFB0573A}"
EndProject
Project("{FAE04EC0-301F-11D3-BF4B-00C04F79EFBC}") = "AzureAI.Translator.Tests", "AzureAI.Translator.Tests\AzureAI.Translator.Tests.csproj", "{A1CBF3B8-4D0E-4448-BA54-487271BBB6D5}"
EndProject
Project("{2150E333-8FDC-42A3-9474-1A3956D46DE8}") = "Itens de Solução", "Itens de Solução", "{D975738D-2172-4799-8FCB-C982011A3E91}"
	ProjectSection(SolutionItems) = preProject
		.env = .env
		.gitignore = .gitignore
		LICENSE = LICENSE
		README.md = README.md
	EndProjectSection
EndProject
Global
	GlobalSection(SolutionConfigurationPlatforms) = preSolution
		Debug|Any CPU = Debug|Any CPU
		Release|Any CPU = Release|Any CPU
	EndGlobalSection
	GlobalSection(ProjectConfigurationPlatforms) = postSolution
		{DB8B7D7B-7F6C-4692-803B-597BEFB0573A}.Debug|Any CPU.ActiveCfg = Debug|Any CPU
		{DB8B7D7B-7F6C-4692-803B-597BEFB0573A}.Debug|Any CPU.Build.0 = Debug|Any CPU
		{DB8B7D7B-7F6C-4692-803B-597BEFB0573A}.Release|Any CPU.ActiveCfg = Release|Any CPU
		{DB8B7D7B-7F6C-4692-803B-597BEFB0573A}.Release|Any CPU.Build.0 = Release|Any CPU
		{A1CBF3B8-4D0E-4448-BA54-487271BBB6D5}.Debug|Any CPU.ActiveCfg = Debug|Any CPU
		{A1CBF3B8-4D0E-4448-BA54-487271BBB6D5}.Debug|Any CPU.Build.0 = Debug|Any CPU
		{A1CBF3B8-4D0E-4448-BA54-487271BBB6D5}.Release|Any CPU.ActiveCfg = Release|Any CPU
		{A1CBF3B8-4D0E-4448-BA54-487271BBB6D5}.Release|Any CPU.Build.0 = Release|Any CPU
	EndGlobalSection
	GlobalSection(SolutionProperties) = preSolution
		HideSolutionNode = FALSE
	EndGlobalSection
EndGlobal
